
Microsoft Visual Studio Solution File, Format Version 12.00
# Visual Studio Version 17
VisualStudioVersion = 17.5.33424.131
MinimumVisualStudioVersion = 10.0.40219.1
Project("{FAE04EC0-301F-11D3-BF4B-00C04F79EFBC}") = "Choe", "Choe\Choe.csproj", "{F10B3285-07C8-4D54-8629-35D6561DC3DA}"
EndProject
Global
	GlobalSection(SolutionConfigurationPlatforms) = preSolution
		Debug|Any CPU = Debug|Any CPU
		Release|Any CPU = Release|Any CPU
	EndGlobalSection
	GlobalSection(ProjectConfigurationPlatforms) = postSolution
		{F10B3285-07C8-4D54-8629-35D6561DC3DA}.Debug|Any CPU.ActiveCfg = Debug|Any CPU
		{F10B3285-07C8-4D54-8629-35D6561DC3DA}.Debug|Any CPU.Build.0 = Debug|Any CPU
		{F10B3285-07C8-4D54-8629-35D6561DC3DA}.Release|Any CPU.ActiveCfg = Release|Any CPU
		{F10B3285-07C8-4D54-8629-35D6561DC3DA}.Release|Any CPU.Build.0 = Release|Any CPU
	EndGlobalSection
	GlobalSection(SolutionProperties) = preSolution
		HideSolutionNode = FALSE
	EndGlobalSection
	GlobalSection(ExtensibilityGlobals) = postSolution
		SolutionGuid = {33C34039-9ECD-4093-AB95-E92A4E2960F2}
	EndGlobalSection
EndGlobal
